
Microsoft Visual Studio Solution File, Format Version 12.00
# Visual Studio Version 17
VisualStudioVersion = 17.0.31903.59
MinimumVisualStudioVersion = 10.0.40219.1
Project("{FAE04EC0-301F-11D3-BF4B-00C04F79EFBC}") = "GuessingGame1", "GuessingGame1\GuessingGame1.csproj", "{32938537-0BB4-4677-AA38-60B7928671C8}"
EndProject
Project("{FAE04EC0-301F-11D3-BF4B-00C04F79EFBC}") = "GuessingGame1.Tests", "GuessingGame1.Tests\GuessingGame1.Tests.csproj", "{B5479741-CE4A-4444-AB9B-BCFF38C7C58E}"
EndProject
Global
	GlobalSection(SolutionConfigurationPlatforms) = preSolution
		Debug|Any CPU = Debug|Any CPU
		Release|Any CPU = Release|Any CPU
	EndGlobalSection
	GlobalSection(ProjectConfigurationPlatforms) = postSolution
		{32938537-0BB4-4677-AA38-60B7928671C8}.Debug|Any CPU.ActiveCfg = Debug|Any CPU
		{32938537-0BB4-4677-AA38-60B7928671C8}.Debug|Any CPU.Build.0 = Debug|Any CPU
		{32938537-0BB4-4677-AA38-60B7928671C8}.Release|Any CPU.ActiveCfg = Release|Any CPU
		{32938537-0BB4-4677-AA38-60B7928671C8}.Release|Any CPU.Build.0 = Release|Any CPU
		{B5479741-CE4A-4444-AB9B-BCFF38C7C58E}.Debug|Any CPU.ActiveCfg = Debug|Any CPU
		{B5479741-CE4A-4444-AB9B-BCFF38C7C58E}.Debug|Any CPU.Build.0 = Debug|Any CPU
		{B5479741-CE4A-4444-AB9B-BCFF38C7C58E}.Release|Any CPU.ActiveCfg = Release|Any CPU
		{B5479741-CE4A-4444-AB9B-BCFF38C7C58E}.Release|Any CPU.Build.0 = Release|Any CPU
	EndGlobalSection
	GlobalSection(SolutionProperties) = preSolution
		HideSolutionNode = FALSE
	EndGlobalSection
EndGlobal
